
Microsoft Visual Studio Solution File, Format Version 12.00
# Visual Studio Version 17
VisualStudioVersion = 17.2.32526.322
MinimumVisualStudioVersion = 10.0.40219.1
Project("{FAE04EC0-301F-11D3-BF4B-00C04F79EFBC}") = "EFPractice", "EFPractice\EFPractice.csproj", "{3B9DC870-DB4B-4417-9DC7-1C15279E5037}"
EndProject
Global
	GlobalSection(SolutionConfigurationPlatforms) = preSolution
		Debug|Any CPU = Debug|Any CPU
		Release|Any CPU = Release|Any CPU
	EndGlobalSection
	GlobalSection(ProjectConfigurationPlatforms) = postSolution
		{3B9DC870-DB4B-4417-9DC7-1C15279E5037}.Debug|Any CPU.ActiveCfg = Debug|Any CPU
		{3B9DC870-DB4B-4417-9DC7-1C15279E5037}.Debug|Any CPU.Build.0 = Debug|Any CPU
		{3B9DC870-DB4B-4417-9DC7-1C15279E5037}.Release|Any CPU.ActiveCfg = Release|Any CPU
		{3B9DC870-DB4B-4417-9DC7-1C15279E5037}.Release|Any CPU.Build.0 = Release|Any CPU
	EndGlobalSection
	GlobalSection(SolutionProperties) = preSolution
		HideSolutionNode = FALSE
	EndGlobalSection
	GlobalSection(ExtensibilityGlobals) = postSolution
		SolutionGuid = {D1653C6E-C479-442A-BE62-236B38D7455F}
	EndGlobalSection
EndGlobal
